{
  "../intent/lib/the-compact": {
    "rev": "ac25e50dbfd51358f206919e649ff79b042a5dab"
  },
  "../oft/lib/LayerZero-v2": {
    "rev": "9c741e7f9790639537b1710a203bcdfd73b0b9ac"
  },
  "../oft/lib/forge-std": {
    "rev": "b3bc8b154382a75d0b0ef22d7fd4a0a5f0feee0e"
  },
  "../oft/lib/openzeppelin-contracts": {
    "rev": "5a3b28fc5bd3976da5ea38d90d88ba26f1e0a335"
  },
  "../oft/lib/solidity-bytes-utils": {
    "rev": "fc502455bb2a7e26a743378df042612dd50d1eb9"
  },
  "../vault/lib/forge-std": {
    "rev": "b3bc8b154382a75d0b0ef22d7fd4a0a5f0feee0e"
  },
  "../vault/lib/openzeppelin-contracts": {
    "rev": "5a3b28fc5bd3976da5ea38d90d88ba26f1e0a335"
  },
  "../vault/lib/openzeppelin-contracts-upgradeable": {
    "rev": "7bf4727aacdbfaa0f36cbd664654d0c9e1dc52bf"
  },
  "../vault/lib/vault-v2": {
    "rev": "606555a69a0bfb05c00703fdf1fe5a65b08e920b"
  },
  "contracts/intent/lib/the-compact": {
    "rev": "ac25e50dbfd51358f206919e649ff79b042a5dab"
  },
  "contracts/oft/lib/LayerZero-v2": {
    "rev": "9c741e7f9790639537b1710a203bcdfd73b0b9ac"
  },
  "contracts/oft/lib/forge-std": {
    "rev": "b3bc8b154382a75d0b0ef22d7fd4a0a5f0feee0e"
  },
  "contracts/oft/lib/openzeppelin-contracts": {
    "rev": "5a3b28fc5bd3976da5ea38d90d88ba26f1e0a335"
  },
  "contracts/oft/lib/solidity-bytes-utils": {
    "rev": "fc502455bb2a7e26a743378df042612dd50d1eb9"
  },
  "contracts/vault/lib/forge-std": {
    "rev": "b3bc8b154382a75d0b0ef22d7fd4a0a5f0feee0e"
  },
  "contracts/vault/lib/openzeppelin-contracts": {
    "rev": "5a3b28fc5bd3976da5ea38d90d88ba26f1e0a335"
  },
  "contracts/vault/lib/openzeppelin-contracts-upgradeable": {
    "rev": "7bf4727aacdbfaa0f36cbd664654d0c9e1dc52bf"
  },
  "contracts/vault/lib/vault-v2": {
    "rev": "606555a69a0bfb05c00703fdf1fe5a65b08e920b"
  },
  "lib/forge-std": {
    "tag": {
      "name": "v1.16.1",
      "rev": "620536fa5277db4e3fd46772d5cbc1ea0696fb43"
    }
  },
  "lib/kernel": {
    "tag": {
      "name": "v3.3",
      "rev": "cd697c7e21715d015e0643af22310a99aa17433b"
    }
  },
  "lib/openzeppelin-contracts-upgradeable": {
    "tag": {
      "name": "v5.6.1",
      "rev": "7bf4727aacdbfaa0f36cbd664654d0c9e1dc52bf"
    }
  },
  "lib/openzeppelin-foundry-upgrades": {
    "tag": {
      "name": "v0.4.1",
      "rev": "258e12e727bfe7f0ec30c51995d01ec88b82efc1"
    }
  },
  "lib/solidity-bytes-utils": {
    "tag": {
      "name": "v0.8.4",
      "rev": "f4413cd6137b78403e3a1156bee6aceab46b46fa"
    }
  }
}